
Microsoft Visual Studio Solution File, Format Version 12.00
# Visual Studio Version 16
VisualStudioVersion = 16.0.30002.166
MinimumVisualStudioVersion = 10.0.40219.1
Project("{FAE04EC0-301F-11D3-BF4B-00C04F79EFBC}") = "IOBrokerDataCollector", "IOBrokerDataCollector.csproj", "{D5018F0F-C68B-4288-9D4D-9B08EEE84F40}"
EndProject
Project("{FAE04EC0-301F-11D3-BF4B-00C04F79EFBC}") = "IOBrokerDataCollectorBusinessLogic", "IOBrokerDataCollectorBusinessLogic\IOBrokerDataCollectorBusinessLogic.csproj", "{98492A57-2063-4E7E-869F-A1C2F002BB60}"
EndProject
Global
	GlobalSection(SolutionConfigurationPlatforms) = preSolution
		Debug|Any CPU = Debug|Any CPU
		Release|Any CPU = Release|Any CPU
	EndGlobalSection
	GlobalSection(ProjectConfigurationPlatforms) = postSolution
		{D5018F0F-C68B-4288-9D4D-9B08EEE84F40}.Debug|Any CPU.ActiveCfg = Debug|Any CPU
		{D5018F0F-C68B-4288-9D4D-9B08EEE84F40}.Debug|Any CPU.Build.0 = Debug|Any CPU
		{D5018F0F-C68B-4288-9D4D-9B08EEE84F40}.Release|Any CPU.ActiveCfg = Release|Any CPU
		{D5018F0F-C68B-4288-9D4D-9B08EEE84F40}.Release|Any CPU.Build.0 = Release|Any CPU
		{98492A57-2063-4E7E-869F-A1C2F002BB60}.Debug|Any CPU.ActiveCfg = Debug|Any CPU
		{98492A57-2063-4E7E-869F-A1C2F002BB60}.Debug|Any CPU.Build.0 = Debug|Any CPU
		{98492A57-2063-4E7E-869F-A1C2F002BB60}.Release|Any CPU.ActiveCfg = Release|Any CPU
		{98492A57-2063-4E7E-869F-A1C2F002BB60}.Release|Any CPU.Build.0 = Release|Any CPU
	EndGlobalSection
	GlobalSection(SolutionProperties) = preSolution
		HideSolutionNode = FALSE
	EndGlobalSection
	GlobalSection(ExtensibilityGlobals) = postSolution
		SolutionGuid = {8A1C441A-F2CD-4571-A959-7F0276C94C78}
	EndGlobalSection
EndGlobal
